
Microsoft Visual Studio Solution File, Format Version 12.00
# Visual Studio Version 17
VisualStudioVersion = 17.8.34511.84
MinimumVisualStudioVersion = 10.0.40219.1
Project("{FAE04EC0-301F-11D3-BF4B-00C04F79EFBC}") = "KinoApp", "KinoApp\KinoApp.csproj", "{D85A99D0-AF21-48E5-BF46-E27E0DC40486}"
EndProject
Global
	GlobalSection(SolutionConfigurationPlatforms) = preSolution
		Debug|Any CPU = Debug|Any CPU
		Release|Any CPU = Release|Any CPU
	EndGlobalSection
	GlobalSection(ProjectConfigurationPlatforms) = postSolution
		{D85A99D0-AF21-48E5-BF46-E27E0DC40486}.Debug|Any CPU.ActiveCfg = Debug|Any CPU
		{D85A99D0-AF21-48E5-BF46-E27E0DC40486}.Debug|Any CPU.Build.0 = Debug|Any CPU
		{D85A99D0-AF21-48E5-BF46-E27E0DC40486}.Release|Any CPU.ActiveCfg = Release|Any CPU
		{D85A99D0-AF21-48E5-BF46-E27E0DC40486}.Release|Any CPU.Build.0 = Release|Any CPU
	EndGlobalSection
	GlobalSection(SolutionProperties) = preSolution
		HideSolutionNode = FALSE
	EndGlobalSection
	GlobalSection(ExtensibilityGlobals) = postSolution
		SolutionGuid = {932A4D2C-B0FB-43E5-952C-9F003C9DB5F5}
	EndGlobalSection
EndGlobal
